{
  "originHash" : "7bd62924727c587bb3195e1299c10a8d6a590bc41bacc0053f2f66fce5f67735",
  "pins" : [
    {
      "identity" : "alamofire?tab=readme-ov-file#swift-package-manager",
      "kind" : "remoteSourceControl",
      "location" : "https://github.com/Alamofire/Alamofire?tab=readme-ov-file#swift-package-manager",
      "state" : {
        "revision" : "f455c2975872ccd2d9c81594c658af65716e9b9a",
        "version" : "5.9.1"
      }
    },
    {
      "identity" : "sdwebimage",
      "kind" : "remoteSourceControl",
      "location" : "https://github.com/SDWebImage/SDWebImage",
      "state" : {
        "revision" : "f6afa0132961d593f07970d84e2d8b588c29ea04",
        "version" : "5.19.1"
      }
    },
    {
      "identity" : "sdwebimageswiftui",
      "kind" : "remoteSourceControl",
      "location" : "https://github.com/SDWebImage/SDWebImageSwiftUI",
      "state" : {
        "revision" : "22423b017b99ab8ac44e29e6372f571f782af6e4",
        "version" : "3.0.2"
      }
    },
    {
      "identity" : "vkid-ios-sdk",
      "kind" : "remoteSourceControl",
      "location" : "https://github.com/VKCOM/vkid-ios-sdk.git",
      "state" : {
        "revision" : "005d6876b367840e8ab5741fd6f69bef2d48f0d7",
        "version" : "1.3.0"
      }
    }
  ],
  "version" : 3
}
