// !$*UTF8*$!
{
	archiveVersion = 1;
	classes = {
	};
	objectVersion = 56;
	objects = {

/* Begin PBXBuildFile section */
		020256A92BC8FF550016DFCC /* vk_alt_app_testApp.swift in Sources */ = {isa = PBXBuildFile; fileRef = 020256A82BC8FF550016DFCC /* vk_alt_app_testApp.swift */; };
		020256AB2BC8FF550016DFCC /* ContentView.swift in Sources */ = {isa = PBXBuildFile; fileRef = 020256AA2BC8FF550016DFCC /* ContentView.swift */; };
		020256AD2BC8FF570016DFCC /* Assets.xcassets in Resources */ = {isa = PBXBuildFile; fileRef = 020256AC2BC8FF570016DFCC /* Assets.xcassets */; };
		020256B02BC8FF570016DFCC /* Preview Assets.xcassets in Resources */ = {isa = PBXBuildFile; fileRef = 020256AF2BC8FF570016DFCC /* Preview Assets.xcassets */; };
		020256BA2BC900150016DFCC /* LoginView.swift in Sources */ = {isa = PBXBuildFile; fileRef = 020256B92BC900150016DFCC /* LoginView.swift */; };
		020256BE2BC905210016DFCC /* LoginViewModel.swift in Sources */ = {isa = PBXBuildFile; fileRef = 020256BD2BC905210016DFCC /* LoginViewModel.swift */; };
		020256C32BC924FB0016DFCC /* Helpers.swift in Sources */ = {isa = PBXBuildFile; fileRef = 020256C22BC924FB0016DFCC /* Helpers.swift */; };
		020256C52BC9434D0016DFCC /* MainView.swift in Sources */ = {isa = PBXBuildFile; fileRef = 020256C42BC9434D0016DFCC /* MainView.swift */; };
		020256C72BC9441A0016DFCC /* NewsItemView.swift in Sources */ = {isa = PBXBuildFile; fileRef = 020256C62BC944190016DFCC /* NewsItemView.swift */; };
		020256C92BCAA3BE0016DFCC /* WebView.swift in Sources */ = {isa = PBXBuildFile; fileRef = 020256C82BCAA3BE0016DFCC /* WebView.swift */; };
		020256CB2BCBB6520016DFCC /* FriendItemView.swift in Sources */ = {isa = PBXBuildFile; fileRef = 020256CA2BCBB6520016DFCC /* FriendItemView.swift */; };
		020256CD2BCBB77A0016DFCC /* FriendsModel.swift in Sources */ = {isa = PBXBuildFile; fileRef = 020256CC2BCBB77A0016DFCC /* FriendsModel.swift */; };
		020256CF2BCBB9700016DFCC /* FriendsViewModel.swift in Sources */ = {isa = PBXBuildFile; fileRef = 020256CE2BCBB9700016DFCC /* FriendsViewModel.swift */; };
		020256D22BCBBB330016DFCC /* Alamofire in Frameworks */ = {isa = PBXBuildFile; productRef = 020256D12BCBBB330016DFCC /* Alamofire */; };
		020256D42BCBBB330016DFCC /* AlamofireDynamic in Frameworks */ = {isa = PBXBuildFile; productRef = 020256D32BCBBB330016DFCC /* AlamofireDynamic */; };
		020256D72BCBF2D70016DFCC /* SDWebImage in Frameworks */ = {isa = PBXBuildFile; productRef = 020256D62BCBF2D70016DFCC /* SDWebImage */; };
		020256D92BCBF2D70016DFCC /* SDWebImageMapKit in Frameworks */ = {isa = PBXBuildFile; productRef = 020256D82BCBF2D70016DFCC /* SDWebImageMapKit */; };
		020256DC2BCBF31D0016DFCC /* SDWebImageSwiftUI in Frameworks */ = {isa = PBXBuildFile; productRef = 020256DB2BCBF31D0016DFCC /* SDWebImageSwiftUI */; };
		020256E02BCD281B0016DFCC /* NewsViewModel.swift in Sources */ = {isa = PBXBuildFile; fileRef = 020256DF2BCD281B0016DFCC /* NewsViewModel.swift */; };
		020256E22BCD284C0016DFCC /* NewsModel.swift in Sources */ = {isa = PBXBuildFile; fileRef = 020256E12BCD284C0016DFCC /* NewsModel.swift */; };
		020256EC2BCE77AC0016DFCC /* FriendsView.swift in Sources */ = {isa = PBXBuildFile; fileRef = 020256EB2BCE77AC0016DFCC /* FriendsView.swift */; };
		020256EE2BCE78D30016DFCC /* NewsView.swift in Sources */ = {isa = PBXBuildFile; fileRef = 020256ED2BCE78D30016DFCC /* NewsView.swift */; };
		020256F02BD143DD0016DFCC /* NewsItemDetailView.swift in Sources */ = {isa = PBXBuildFile; fileRef = 020256EF2BD143DD0016DFCC /* NewsItemDetailView.swift */; };
		020256F22BD269C40016DFCC /* NetworkMonitor.swift in Sources */ = {isa = PBXBuildFile; fileRef = 020256F12BD269C40016DFCC /* NetworkMonitor.swift */; };
/* End PBXBuildFile section */

/* Begin PBXFileReference section */
		020256A52BC8FF550016DFCC /* vk_alt_app_test.app */ = {isa = PBXFileReference; explicitFileType = wrapper.application; includeInIndex = 0; path = vk_alt_app_test.app; sourceTree = BUILT_PRODUCTS_DIR; };
		020256A82BC8FF550016DFCC /* vk_alt_app_testApp.swift */ = {isa = PBXFileReference; lastKnownFileType = sourcecode.swift; path = vk_alt_app_testApp.swift; sourceTree = "<group>"; };
		020256AA2BC8FF550016DFCC /* ContentView.swift */ = {isa = PBXFileReference; lastKnownFileType = sourcecode.swift; path = ContentView.swift; sourceTree = "<group>"; };
		020256AC2BC8FF570016DFCC /* Assets.xcassets */ = {isa = PBXFileReference; lastKnownFileType = folder.assetcatalog; path = Assets.xcassets; sourceTree = "<group>"; };
		020256AF2BC8FF570016DFCC /* Preview Assets.xcassets */ = {isa = PBXFileReference; lastKnownFileType = folder.assetcatalog; path = "Preview Assets.xcassets"; sourceTree = "<group>"; };
		020256B92BC900150016DFCC /* LoginView.swift */ = {isa = PBXFileReference; lastKnownFileType = sourcecode.swift; path = LoginView.swift; sourceTree = "<group>"; };
		020256BD2BC905210016DFCC /* LoginViewModel.swift */ = {isa = PBXFileReference; lastKnownFileType = sourcecode.swift; path = LoginViewModel.swift; sourceTree = "<group>"; };
		020256C22BC924FB0016DFCC /* Helpers.swift */ = {isa = PBXFileReference; lastKnownFileType = sourcecode.swift; path = Helpers.swift; sourceTree = "<group>"; };
		020256C42BC9434D0016DFCC /* MainView.swift */ = {isa = PBXFileReference; lastKnownFileType = sourcecode.swift; path = MainView.swift; sourceTree = "<group>"; };
		020256C62BC944190016DFCC /* NewsItemView.swift */ = {isa = PBXFileReference; lastKnownFileType = sourcecode.swift; path = NewsItemView.swift; sourceTree = "<group>"; };
		020256C82BCAA3BE0016DFCC /* WebView.swift */ = {isa = PBXFileReference; lastKnownFileType = sourcecode.swift; path = WebView.swift; sourceTree = "<group>"; };
		020256CA2BCBB6520016DFCC /* FriendItemView.swift */ = {isa = PBXFileReference; lastKnownFileType = sourcecode.swift; path = FriendItemView.swift; sourceTree = "<group>"; };
		020256CC2BCBB77A0016DFCC /* FriendsModel.swift */ = {isa = PBXFileReference; lastKnownFileType = sourcecode.swift; path = FriendsModel.swift; sourceTree = "<group>"; };
		020256CE2BCBB9700016DFCC /* FriendsViewModel.swift */ = {isa = PBXFileReference; lastKnownFileType = sourcecode.swift; path = FriendsViewModel.swift; sourceTree = "<group>"; };
		020256DF2BCD281B0016DFCC /* NewsViewModel.swift */ = {isa = PBXFileReference; lastKnownFileType = sourcecode.swift; path = NewsViewModel.swift; sourceTree = "<group>"; };
		020256E12BCD284C0016DFCC /* NewsModel.swift */ = {isa = PBXFileReference; lastKnownFileType = sourcecode.swift; path = NewsModel.swift; sourceTree = "<group>"; };
		020256EB2BCE77AC0016DFCC /* FriendsView.swift */ = {isa = PBXFileReference; lastKnownFileType = sourcecode.swift; path = FriendsView.swift; sourceTree = "<group>"; };
		020256ED2BCE78D30016DFCC /* NewsView.swift */ = {isa = PBXFileReference; lastKnownFileType = sourcecode.swift; path = NewsView.swift; sourceTree = "<group>"; };
		020256EF2BD143DD0016DFCC /* NewsItemDetailView.swift */ = {isa = PBXFileReference; lastKnownFileType = sourcecode.swift; path = NewsItemDetailView.swift; sourceTree = "<group>"; };
		020256F12BD269C40016DFCC /* NetworkMonitor.swift */ = {isa = PBXFileReference; lastKnownFileType = sourcecode.swift; path = NetworkMonitor.swift; sourceTree = "<group>"; };
/* End PBXFileReference section */

/* Begin PBXFrameworksBuildPhase section */
		020256A22BC8FF550016DFCC /* Frameworks */ = {
			isa = PBXFrameworksBuildPhase;
			buildActionMask = 2147483647;
			files = (
				020256DC2BCBF31D0016DFCC /* SDWebImageSwiftUI in Frameworks */,
				020256D72BCBF2D70016DFCC /* SDWebImage in Frameworks */,
				020256D22BCBBB330016DFCC /* Alamofire in Frameworks */,
				020256D92BCBF2D70016DFCC /* SDWebImageMapKit in Frameworks */,
				020256D42BCBBB330016DFCC /* AlamofireDynamic in Frameworks */,
			);
			runOnlyForDeploymentPostprocessing = 0;
		};
/* End PBXFrameworksBuildPhase section */

/* Begin PBXGroup section */
		0202569C2BC8FF550016DFCC = {
			isa = PBXGroup;
			children = (
				020256A72BC8FF550016DFCC /* vk_alt_app_test */,
				020256A62BC8FF550016DFCC /* Products */,
			);
			sourceTree = "<group>";
		};
		020256A62BC8FF550016DFCC /* Products */ = {
			isa = PBXGroup;
			children = (
				020256A52BC8FF550016DFCC /* vk_alt_app_test.app */,
			);
			name = Products;
			sourceTree = "<group>";
		};
		020256A72BC8FF550016DFCC /* vk_alt_app_test */ = {
			isa = PBXGroup;
			children = (
				020256C12BC924E50016DFCC /* Extensions */,
				020256B82BC8FFF50016DFCC /* ViewModel */,
				020256B72BC8FFEE0016DFCC /* View */,
				020256B62BC8FFD60016DFCC /* Model */,
				020256A82BC8FF550016DFCC /* vk_alt_app_testApp.swift */,
				020256AA2BC8FF550016DFCC /* ContentView.swift */,
				020256AC2BC8FF570016DFCC /* Assets.xcassets */,
				020256AE2BC8FF570016DFCC /* Preview Content */,
			);
			path = vk_alt_app_test;
			sourceTree = "<group>";
		};
		020256AE2BC8FF570016DFCC /* Preview Content */ = {
			isa = PBXGroup;
			children = (
				020256AF2BC8FF570016DFCC /* Preview Assets.xcassets */,
			);
			path = "Preview Content";
			sourceTree = "<group>";
		};
		020256B62BC8FFD60016DFCC /* Model */ = {
			isa = PBXGroup;
			children = (
				020256CC2BCBB77A0016DFCC /* FriendsModel.swift */,
				020256E12BCD284C0016DFCC /* NewsModel.swift */,
			);
			path = Model;
			sourceTree = "<group>";
		};
		020256B72BC8FFEE0016DFCC /* View */ = {
			isa = PBXGroup;
			children = (
				020256C42BC9434D0016DFCC /* MainView.swift */,
				020256ED2BCE78D30016DFCC /* NewsView.swift */,
				020256EB2BCE77AC0016DFCC /* FriendsView.swift */,
				020256B92BC900150016DFCC /* LoginView.swift */,
				020256EF2BD143DD0016DFCC /* NewsItemDetailView.swift */,
				020256EA2BCE772F0016DFCC /* Subview */,
			);
			path = View;
			sourceTree = "<group>";
		};
		020256B82BC8FFF50016DFCC /* ViewModel */ = {
			isa = PBXGroup;
			children = (
				020256BD2BC905210016DFCC /* LoginViewModel.swift */,
				020256C82BCAA3BE0016DFCC /* WebView.swift */,
				020256CE2BCBB9700016DFCC /* FriendsViewModel.swift */,
				020256DF2BCD281B0016DFCC /* NewsViewModel.swift */,
				020256F12BD269C40016DFCC /* NetworkMonitor.swift */,
			);
			path = ViewModel;
			sourceTree = "<group>";
		};
		020256C12BC924E50016DFCC /* Extensions */ = {
			isa = PBXGroup;
			children = (
				020256C22BC924FB0016DFCC /* Helpers.swift */,
			);
			path = Extensions;
			sourceTree = "<group>";
		};
		020256EA2BCE772F0016DFCC /* Subview */ = {
			isa = PBXGroup;
			children = (
				020256CA2BCBB6520016DFCC /* FriendItemView.swift */,
				020256C62BC944190016DFCC /* NewsItemView.swift */,
			);
			path = Subview;
			sourceTree = "<group>";
		};
/* End PBXGroup section */

/* Begin PBXNativeTarget section */
		020256A42BC8FF550016DFCC /* vk_alt_app_test */ = {
			isa = PBXNativeTarget;
			buildConfigurationList = 020256B32BC8FF570016DFCC /* Build configuration list for PBXNativeTarget "vk_alt_app_test" */;
			buildPhases = (
				020256A12BC8FF550016DFCC /* Sources */,
				020256A22BC8FF550016DFCC /* Frameworks */,
				020256A32BC8FF550016DFCC /* Resources */,
			);
			buildRules = (
			);
			dependencies = (
			);
			name = vk_alt_app_test;
			packageProductDependencies = (
				020256D12BCBBB330016DFCC /* Alamofire */,
				020256D32BCBBB330016DFCC /* AlamofireDynamic */,
				020256D62BCBF2D70016DFCC /* SDWebImage */,
				020256D82BCBF2D70016DFCC /* SDWebImageMapKit */,
				020256DB2BCBF31D0016DFCC /* SDWebImageSwiftUI */,
			);
			productName = vk_alt_app_test;
			productReference = 020256A52BC8FF550016DFCC /* vk_alt_app_test.app */;
			productType = "com.apple.product-type.application";
		};
/* End PBXNativeTarget section */

/* Begin PBXProject section */
		0202569D2BC8FF550016DFCC /* Project object */ = {
			isa = PBXProject;
			attributes = {
				BuildIndependentTargetsInParallel = 1;
				LastSwiftUpdateCheck = 1530;
				LastUpgradeCheck = 1530;
				TargetAttributes = {
					020256A42BC8FF550016DFCC = {
						CreatedOnToolsVersion = 15.3;
					};
				};
			};
			buildConfigurationList = 020256A02BC8FF550016DFCC /* Build configuration list for PBXProject "vk_alt_app_test" */;
			compatibilityVersion = "Xcode 14.0";
			developmentRegion = en;
			hasScannedForEncodings = 0;
			knownRegions = (
				en,
				Base,
			);
			mainGroup = 0202569C2BC8FF550016DFCC;
			packageReferences = (
				020256D02BCBBB330016DFCC /* XCRemoteSwiftPackageReference "Alamofire" */,
				020256D52BCBF2D70016DFCC /* XCRemoteSwiftPackageReference "SDWebImage" */,
				020256DA2BCBF31D0016DFCC /* XCRemoteSwiftPackageReference "SDWebImageSwiftUI" */,
				020256E32BCD720D0016DFCC /* XCRemoteSwiftPackageReference "vkid-ios-sdk" */,
			);
			productRefGroup = 020256A62BC8FF550016DFCC /* Products */;
			projectDirPath = "";
			projectRoot = "";
			targets = (
				020256A42BC8FF550016DFCC /* vk_alt_app_test */,
			);
		};
/* End PBXProject section */

/* Begin PBXResourcesBuildPhase section */
		020256A32BC8FF550016DFCC /* Resources */ = {
			isa = PBXResourcesBuildPhase;
			buildActionMask = 2147483647;
			files = (
				020256B02BC8FF570016DFCC /* Preview Assets.xcassets in Resources */,
				020256AD2BC8FF570016DFCC /* Assets.xcassets in Resources */,
			);
			runOnlyForDeploymentPostprocessing = 0;
		};
/* End PBXResourcesBuildPhase section */

/* Begin PBXSourcesBuildPhase section */
		020256A12BC8FF550016DFCC /* Sources */ = {
			isa = PBXSourcesBuildPhase;
			buildActionMask = 2147483647;
			files = (
				020256EC2BCE77AC0016DFCC /* FriendsView.swift in Sources */,
				020256C92BCAA3BE0016DFCC /* WebView.swift in Sources */,
				020256E22BCD284C0016DFCC /* NewsModel.swift in Sources */,
				020256EE2BCE78D30016DFCC /* NewsView.swift in Sources */,
				020256C52BC9434D0016DFCC /* MainView.swift in Sources */,
				020256CD2BCBB77A0016DFCC /* FriendsModel.swift in Sources */,
				020256C32BC924FB0016DFCC /* Helpers.swift in Sources */,
				020256BA2BC900150016DFCC /* LoginView.swift in Sources */,
				020256F22BD269C40016DFCC /* NetworkMonitor.swift in Sources */,
				020256E02BCD281B0016DFCC /* NewsViewModel.swift in Sources */,
				020256AB2BC8FF550016DFCC /* ContentView.swift in Sources */,
				020256BE2BC905210016DFCC /* LoginViewModel.swift in Sources */,
				020256C72BC9441A0016DFCC /* NewsItemView.swift in Sources */,
				020256A92BC8FF550016DFCC /* vk_alt_app_testApp.swift in Sources */,
				020256F02BD143DD0016DFCC /* NewsItemDetailView.swift in Sources */,
				020256CF2BCBB9700016DFCC /* FriendsViewModel.swift in Sources */,
				020256CB2BCBB6520016DFCC /* FriendItemView.swift in Sources */,
			);
			runOnlyForDeploymentPostprocessing = 0;
		};
/* End PBXSourcesBuildPhase section */

/* Begin XCBuildConfiguration section */
		020256B12BC8FF570016DFCC /* Debug */ = {
			isa = XCBuildConfiguration;
			buildSettings = {
				ALWAYS_SEARCH_USER_PATHS = NO;
				ASSETCATALOG_COMPILER_GENERATE_SWIFT_ASSET_SYMBOL_EXTENSIONS = YES;
				CLANG_ANALYZER_NONNULL = YES;
				CLANG_ANALYZER_NUMBER_OBJECT_CONVERSION = YES_AGGRESSIVE;
				CLANG_CXX_LANGUAGE_STANDARD = "gnu++20";
				CLANG_ENABLE_MODULES = YES;
				CLANG_ENABLE_OBJC_ARC = YES;
				CLANG_ENABLE_OBJC_WEAK = YES;
				CLANG_WARN_BLOCK_CAPTURE_AUTORELEASING = YES;
				CLANG_WARN_BOOL_CONVERSION = YES;
				CLANG_WARN_COMMA = YES;
				CLANG_WARN_CONSTANT_CONVERSION = YES;
				CLANG_WARN_DEPRECATED_OBJC_IMPLEMENTATIONS = YES;
				CLANG_WARN_DIRECT_OBJC_ISA_USAGE = YES_ERROR;
				CLANG_WARN_DOCUMENTATION_COMMENTS = YES;
				CLANG_WARN_EMPTY_BODY = YES;
				CLANG_WARN_ENUM_CONVERSION = YES;
				CLANG_WARN_INFINITE_RECURSION = YES;
				CLANG_WARN_INT_CONVERSION = YES;
				CLANG_WARN_NON_LITERAL_NULL_CONVERSION = YES;
				CLANG_WARN_OBJC_IMPLICIT_RETAIN_SELF = YES;
				CLANG_WARN_OBJC_LITERAL_CONVERSION = YES;
				CLANG_WARN_OBJC_ROOT_CLASS = YES_ERROR;
				CLANG_WARN_QUOTED_INCLUDE_IN_FRAMEWORK_HEADER = YES;
				CLANG_WARN_RANGE_LOOP_ANALYSIS = YES;
				CLANG_WARN_STRICT_PROTOTYPES = YES;
				CLANG_WARN_SUSPICIOUS_MOVE = YES;
				CLANG_WARN_UNGUARDED_AVAILABILITY = YES_AGGRESSIVE;
				CLANG_WARN_UNREACHABLE_CODE = YES;
				CLANG_WARN__DUPLICATE_METHOD_MATCH = YES;
				COPY_PHASE_STRIP = NO;
				DEBUG_INFORMATION_FORMAT = dwarf;
				ENABLE_STRICT_OBJC_MSGSEND = YES;
				ENABLE_TESTABILITY = YES;
				ENABLE_USER_SCRIPT_SANDBOXING = YES;
				GCC_C_LANGUAGE_STANDARD = gnu17;
				GCC_DYNAMIC_NO_PIC = NO;
				GCC_NO_COMMON_BLOCKS = YES;
				GCC_OPTIMIZATION_LEVEL = 0;
				GCC_PREPROCESSOR_DEFINITIONS = (
					"DEBUG=1",
					"$(inherited)",
				);
				GCC_WARN_64_TO_32_BIT_CONVERSION = YES;
				GCC_WARN_ABOUT_RETURN_TYPE = YES_ERROR;
				GCC_WARN_UNDECLARED_SELECTOR = YES;
				GCC_WARN_UNINITIALIZED_AUTOS = YES_AGGRESSIVE;
				GCC_WARN_UNUSED_FUNCTION = YES;
				GCC_WARN_UNUSED_VARIABLE = YES;
				IPHONEOS_DEPLOYMENT_TARGET = 17.4;
				LOCALIZATION_PREFERS_STRING_CATALOGS = YES;
				MTL_ENABLE_DEBUG_INFO = INCLUDE_SOURCE;
				MTL_FAST_MATH = YES;
				ONLY_ACTIVE_ARCH = YES;
				SDKROOT = iphoneos;
				SWIFT_ACTIVE_COMPILATION_CONDITIONS = "DEBUG $(inherited)";
				SWIFT_OPTIMIZATION_LEVEL = "-Onone";
			};
			name = Debug;
		};
		020256B22BC8FF570016DFCC /* Release */ = {
			isa = XCBuildConfiguration;
			buildSettings = {
				ALWAYS_SEARCH_USER_PATHS = NO;
				ASSETCATALOG_COMPILER_GENERATE_SWIFT_ASSET_SYMBOL_EXTENSIONS = YES;
				CLANG_ANALYZER_NONNULL = YES;
				CLANG_ANALYZER_NUMBER_OBJECT_CONVERSION = YES_AGGRESSIVE;
				CLANG_CXX_LANGUAGE_STANDARD = "gnu++20";
				CLANG_ENABLE_MODULES = YES;
				CLANG_ENABLE_OBJC_ARC = YES;
				CLANG_ENABLE_OBJC_WEAK = YES;
				CLANG_WARN_BLOCK_CAPTURE_AUTORELEASING = YES;
				CLANG_WARN_BOOL_CONVERSION = YES;
				CLANG_WARN_COMMA = YES;
				CLANG_WARN_CONSTANT_CONVERSION = YES;
				CLANG_WARN_DEPRECATED_OBJC_IMPLEMENTATIONS = YES;
				CLANG_WARN_DIRECT_OBJC_ISA_USAGE = YES_ERROR;
				CLANG_WARN_DOCUMENTATION_COMMENTS = YES;
				CLANG_WARN_EMPTY_BODY = YES;
				CLANG_WARN_ENUM_CONVERSION = YES;
				CLANG_WARN_INFINITE_RECURSION = YES;
				CLANG_WARN_INT_CONVERSION = YES;
				CLANG_WARN_NON_LITERAL_NULL_CONVERSION = YES;
				CLANG_WARN_OBJC_IMPLICIT_RETAIN_SELF = YES;
				CLANG_WARN_OBJC_LITERAL_CONVERSION = YES;
				CLANG_WARN_OBJC_ROOT_CLASS = YES_ERROR;
				CLANG_WARN_QUOTED_INCLUDE_IN_FRAMEWORK_HEADER = YES;
				CLANG_WARN_RANGE_LOOP_ANALYSIS = YES;
				CLANG_WARN_STRICT_PROTOTYPES = YES;
				CLANG_WARN_SUSPICIOUS_MOVE = YES;
				CLANG_WARN_UNGUARDED_AVAILABILITY = YES_AGGRESSIVE;
				CLANG_WARN_UNREACHABLE_CODE = YES;
				CLANG_WARN__DUPLICATE_METHOD_MATCH = YES;
				COPY_PHASE_STRIP = NO;
				DEBUG_INFORMATION_FORMAT = "dwarf-with-dsym";
				ENABLE_NS_ASSERTIONS = NO;
				ENABLE_STRICT_OBJC_MSGSEND = YES;
				ENABLE_USER_SCRIPT_SANDBOXING = YES;
				GCC_C_LANGUAGE_STANDARD = gnu17;
				GCC_NO_COMMON_BLOCKS = YES;
				GCC_WARN_64_TO_32_BIT_CONVERSION = YES;
				GCC_WARN_ABOUT_RETURN_TYPE = YES_ERROR;
				GCC_WARN_UNDECLARED_SELECTOR = YES;
				GCC_WARN_UNINITIALIZED_AUTOS = YES_AGGRESSIVE;
				GCC_WARN_UNUSED_FUNCTION = YES;
				GCC_WARN_UNUSED_VARIABLE = YES;
				IPHONEOS_DEPLOYMENT_TARGET = 17.4;
				LOCALIZATION_PREFERS_STRING_CATALOGS = YES;
				MTL_ENABLE_DEBUG_INFO = NO;
				MTL_FAST_MATH = YES;
				SDKROOT = iphoneos;
				SWIFT_COMPILATION_MODE = wholemodule;
				VALIDATE_PRODUCT = YES;
			};
			name = Release;
		};
		020256B42BC8FF570016DFCC /* Debug */ = {
			isa = XCBuildConfiguration;
			buildSettings = {
				ASSETCATALOG_COMPILER_APPICON_NAME = AppIcon;
				ASSETCATALOG_COMPILER_GLOBAL_ACCENT_COLOR_NAME = AccentColor;
				CODE_SIGN_STYLE = Automatic;
				CURRENT_PROJECT_VERSION = 1;
				DEVELOPMENT_ASSET_PATHS = "\"vk_alt_app_test/Preview Content\"";
				DEVELOPMENT_TEAM = 2L568N4PXS;
				ENABLE_PREVIEWS = YES;
				GENERATE_INFOPLIST_FILE = YES;
				INFOPLIST_KEY_UIApplicationSceneManifest_Generation = YES;
				INFOPLIST_KEY_UIApplicationSupportsIndirectInputEvents = YES;
				INFOPLIST_KEY_UILaunchScreen_Generation = YES;
				INFOPLIST_KEY_UISupportedInterfaceOrientations = UIInterfaceOrientationPortrait;
				INFOPLIST_KEY_UISupportedInterfaceOrientations_iPad = "UIInterfaceOrientationLandscapeLeft UIInterfaceOrientationLandscapeRight UIInterfaceOrientationPortrait UIInterfaceOrientationPortraitUpsideDown";
				LD_RUNPATH_SEARCH_PATHS = (
					"$(inherited)",
					"@executable_path/Frameworks",
				);
				MARKETING_VERSION = 1.0;
				PRODUCT_BUNDLE_IDENTIFIER = "homeOffice.vk-alt-app-test";
				PRODUCT_NAME = "$(TARGET_NAME)";
				SUPPORTED_PLATFORMS = "iphoneos iphonesimulator";
				SUPPORTS_MACCATALYST = NO;
				SUPPORTS_MAC_DESIGNED_FOR_IPHONE_IPAD = NO;
				SUPPORTS_XR_DESIGNED_FOR_IPHONE_IPAD = NO;
				SWIFT_EMIT_LOC_STRINGS = YES;
				SWIFT_VERSION = 5.0;
				TARGETED_DEVICE_FAMILY = 1;
			};
			name = Debug;
		};
		020256B52BC8FF570016DFCC /* Release */ = {
			isa = XCBuildConfiguration;
			buildSettings = {
				ASSETCATALOG_COMPILER_APPICON_NAME = AppIcon;
				ASSETCATALOG_COMPILER_GLOBAL_ACCENT_COLOR_NAME = AccentColor;
				CODE_SIGN_STYLE = Automatic;
				CURRENT_PROJECT_VERSION = 1;
				DEVELOPMENT_ASSET_PATHS = "\"vk_alt_app_test/Preview Content\"";
				DEVELOPMENT_TEAM = 2L568N4PXS;
				ENABLE_PREVIEWS = YES;
				GENERATE_INFOPLIST_FILE = YES;
				INFOPLIST_KEY_UIApplicationSceneManifest_Generation = YES;
				INFOPLIST_KEY_UIApplicationSupportsIndirectInputEvents = YES;
				INFOPLIST_KEY_UILaunchScreen_Generation = YES;
				INFOPLIST_KEY_UISupportedInterfaceOrientations = UIInterfaceOrientationPortrait;
				INFOPLIST_KEY_UISupportedInterfaceOrientations_iPad = "UIInterfaceOrientationLandscapeLeft UIInterfaceOrientationLandscapeRight UIInterfaceOrientationPortrait UIInterfaceOrientationPortraitUpsideDown";
				LD_RUNPATH_SEARCH_PATHS = (
					"$(inherited)",
					"@executable_path/Frameworks",
				);
				MARKETING_VERSION = 1.0;
				PRODUCT_BUNDLE_IDENTIFIER = "homeOffice.vk-alt-app-test";
				PRODUCT_NAME = "$(TARGET_NAME)";
				SUPPORTED_PLATFORMS = "iphoneos iphonesimulator";
				SUPPORTS_MACCATALYST = NO;
				SUPPORTS_MAC_DESIGNED_FOR_IPHONE_IPAD = NO;
				SUPPORTS_XR_DESIGNED_FOR_IPHONE_IPAD = NO;
				SWIFT_EMIT_LOC_STRINGS = YES;
				SWIFT_VERSION = 5.0;
				TARGETED_DEVICE_FAMILY = 1;
			};
			name = Release;
		};
/* End XCBuildConfiguration section */

/* Begin XCConfigurationList section */
		020256A02BC8FF550016DFCC /* Build configuration list for PBXProject "vk_alt_app_test" */ = {
			isa = XCConfigurationList;
			buildConfigurations = (
				020256B12BC8FF570016DFCC /* Debug */,
				020256B22BC8FF570016DFCC /* Release */,
			);
			defaultConfigurationIsVisible = 0;
			defaultConfigurationName = Release;
		};
		020256B32BC8FF570016DFCC /* Build configuration list for PBXNativeTarget "vk_alt_app_test" */ = {
			isa = XCConfigurationList;
			buildConfigurations = (
				020256B42BC8FF570016DFCC /* Debug */,
				020256B52BC8FF570016DFCC /* Release */,
			);
			defaultConfigurationIsVisible = 0;
			defaultConfigurationName = Release;
		};
/* End XCConfigurationList section */

/* Begin XCRemoteSwiftPackageReference section */
		020256D02BCBBB330016DFCC /* XCRemoteSwiftPackageReference "Alamofire" */ = {
			isa = XCRemoteSwiftPackageReference;
			repositoryURL = "https://github.com/Alamofire/Alamofire?tab=readme-ov-file#swift-package-manager";
			requirement = {
				kind = upToNextMajorVersion;
				minimumVersion = 5.9.1;
			};
		};
		020256D52BCBF2D70016DFCC /* XCRemoteSwiftPackageReference "SDWebImage" */ = {
			isa = XCRemoteSwiftPackageReference;
			repositoryURL = "https://github.com/SDWebImage/SDWebImage";
			requirement = {
				kind = upToNextMajorVersion;
				minimumVersion = 5.19.1;
			};
		};
		020256DA2BCBF31D0016DFCC /* XCRemoteSwiftPackageReference "SDWebImageSwiftUI" */ = {
			isa = XCRemoteSwiftPackageReference;
			repositoryURL = "https://github.com/SDWebImage/SDWebImageSwiftUI";
			requirement = {
				kind = upToNextMajorVersion;
				minimumVersion = 3.0.2;
			};
		};
		020256E32BCD720D0016DFCC /* XCRemoteSwiftPackageReference "vkid-ios-sdk" */ = {
			isa = XCRemoteSwiftPackageReference;
			repositoryURL = "https://github.com/VKCOM/vkid-ios-sdk.git";
			requirement = {
				kind = upToNextMajorVersion;
				minimumVersion = 1.3.0;
			};
		};
/* End XCRemoteSwiftPackageReference section */

/* Begin XCSwiftPackageProductDependency section */
		020256D12BCBBB330016DFCC /* Alamofire */ = {
			isa = XCSwiftPackageProductDependency;
			package = 020256D02BCBBB330016DFCC /* XCRemoteSwiftPackageReference "Alamofire" */;
			productName = Alamofire;
		};
		020256D32BCBBB330016DFCC /* AlamofireDynamic */ = {
			isa = XCSwiftPackageProductDependency;
			package = 020256D02BCBBB330016DFCC /* XCRemoteSwiftPackageReference "Alamofire" */;
			productName = AlamofireDynamic;
		};
		020256D62BCBF2D70016DFCC /* SDWebImage */ = {
			isa = XCSwiftPackageProductDependency;
			package = 020256D52BCBF2D70016DFCC /* XCRemoteSwiftPackageReference "SDWebImage" */;
			productName = SDWebImage;
		};
		020256D82BCBF2D70016DFCC /* SDWebImageMapKit */ = {
			isa = XCSwiftPackageProductDependency;
			package = 020256D52BCBF2D70016DFCC /* XCRemoteSwiftPackageReference "SDWebImage" */;
			productName = SDWebImageMapKit;
		};
		020256DB2BCBF31D0016DFCC /* SDWebImageSwiftUI */ = {
			isa = XCSwiftPackageProductDependency;
			package = 020256DA2BCBF31D0016DFCC /* XCRemoteSwiftPackageReference "SDWebImageSwiftUI" */;
			productName = SDWebImageSwiftUI;
		};
/* End XCSwiftPackageProductDependency section */
	};
	rootObject = 0202569D2BC8FF550016DFCC /* Project object */;
}
